// !$*UTF8*$!
{
	archiveVersion = 1;
	classes = {
	};
	objectVersion = 46;
	objects = {

/* Begin PBXBuildFile section */
		2A0544AE1B1C543D00C7E3D8 /* AnimatedMaskLabel.swift in Sources */ = {isa = PBXBuildFile; fileRef = 2A0544AD1B1C543D00C7E3D8 /* AnimatedMaskLabel.swift */; };
		2A95D6AA1B1B379A0034FF2B /* AppDelegate.swift in Sources */ = {isa = PBXBuildFile; fileRef = 2A95D6A91B1B379A0034FF2B /* AppDelegate.swift */; };
		2A95D6AD1B1B379A0034FF2B /* iOS_Animation_Test5.xcdatamodeld in Sources */ = {isa = PBXBuildFile; fileRef = 2A95D6AB1B1B379A0034FF2B /* iOS_Animation_Test5.xcdatamodeld */; };
		2A95D6AF1B1B379A0034FF2B /* ViewController.swift in Sources */ = {isa = PBXBuildFile; fileRef = 2A95D6AE1B1B379A0034FF2B /* ViewController.swift */; };
		2A95D6B21B1B379A0034FF2B /* Main.storyboard in Resources */ = {isa = PBXBuildFile; fileRef = 2A95D6B01B1B379A0034FF2B /* Main.storyboard */; };
		2A95D6B41B1B379A0034FF2B /* Images.xcassets in Resources */ = {isa = PBXBuildFile; fileRef = 2A95D6B31B1B379A0034FF2B /* Images.xcassets */; };
		2A95D6B71B1B379A0034FF2B /* LaunchScreen.xib in Resources */ = {isa = PBXBuildFile; fileRef = 2A95D6B51B1B379A0034FF2B /* LaunchScreen.xib */; };
		2A95D6C31B1B379A0034FF2B /* iOS_Animation_Test5Tests.swift in Sources */ = {isa = PBXBuildFile; fileRef = 2A95D6C21B1B379A0034FF2B /* iOS_Animation_Test5Tests.swift */; };
		2A95D6CD1B1B393A0034FF2B /* AvatarView.swift in Sources */ = {isa = PBXBuildFile; fileRef = 2A95D6CC1B1B393A0034FF2B /* AvatarView.swift */; };
/* End PBXBuildFile section */

/* Begin PBXContainerItemProxy section */
		2A95D6BD1B1B379A0034FF2B /* PBXContainerItemProxy */ = {
			isa = PBXContainerItemProxy;
			containerPortal = 2A95D69C1B1B379A0034FF2B /* Project object */;
			proxyType = 1;
			remoteGlobalIDString = 2A95D6A31B1B379A0034FF2B;
			remoteInfo = iOS_Animation_Test5;
		};
/* End PBXContainerItemProxy section */

/* Begin PBXFileReference section */
		2A0544AD1B1C543D00C7E3D8 /* AnimatedMaskLabel.swift */ = {isa = PBXFileReference; fileEncoding = 4; lastKnownFileType = sourcecode.swift; path = AnimatedMaskLabel.swift; sourceTree = "<group>"; };
		2A95D6A41B1B379A0034FF2B /* iOS_Animation_Test5.app */ = {isa = PBXFileReference; explicitFileType = wrapper.application; includeInIndex = 0; path = iOS_Animation_Test5.app; sourceTree = BUILT_PRODUCTS_DIR; };
		2A95D6A81B1B379A0034FF2B /* Info.plist */ = {isa = PBXFileReference; lastKnownFileType = text.plist.xml; path = Info.plist; sourceTree = "<group>"; };
		2A95D6A91B1B379A0034FF2B /* AppDelegate.swift */ = {isa = PBXFileReference; lastKnownFileType = sourcecode.swift; path = AppDelegate.swift; sourceTree = "<group>"; };
		2A95D6AC1B1B379A0034FF2B /* iOS_Animation_Test5.xcdatamodel */ = {isa = PBXFileReference; lastKnownFileType = wrapper.xcdatamodel; path = iOS_Animation_Test5.xcdatamodel; sourceTree = "<group>"; };
		2A95D6AE1B1B379A0034FF2B /* ViewController.swift */ = {isa = PBXFileReference; lastKnownFileType = sourcecode.swift; path = ViewController.swift; sourceTree = "<group>"; };
		2A95D6B11B1B379A0034FF2B /* Base */ = {isa = PBXFileReference; lastKnownFileType = file.storyboard; name = Base; path = Base.lproj/Main.storyboard; sourceTree = "<group>"; };
		2A95D6B31B1B379A0034FF2B /* Images.xcassets */ = {isa = PBXFileReference; lastKnownFileType = folder.assetcatalog; path = Images.xcassets; sourceTree = "<group>"; };
		2A95D6B61B1B379A0034FF2B /* Base */ = {isa = PBXFileReference; lastKnownFileType = file.xib; name = Base; path = Base.lproj/LaunchScreen.xib; sourceTree = "<group>"; };
		2A95D6BC1B1B379A0034FF2B /* iOS_Animation_Test5Tests.xctest */ = {isa = PBXFileReference; explicitFileType = wrapper.cfbundle; includeInIndex = 0; path = iOS_Animation_Test5Tests.xctest; sourceTree = BUILT_PRODUCTS_DIR; };
		2A95D6C11B1B379A0034FF2B /* Info.plist */ = {isa = PBXFileReference; lastKnownFileType = text.plist.xml; path = Info.plist; sourceTree = "<group>"; };
		2A95D6C21B1B379A0034FF2B /* iOS_Animation_Test5Tests.swift */ = {isa = PBXFileReference; lastKnownFileType = sourcecode.swift; path = iOS_Animation_Test5Tests.swift; sourceTree = "<group>"; };
		2A95D6CC1B1B393A0034FF2B /* AvatarView.swift */ = {isa = PBXFileReference; fileEncoding = 4; lastKnownFileType = sourcecode.swift; path = AvatarView.swift; sourceTree = "<group>"; };
/* End PBXFileReference section */

/* Begin PBXFrameworksBuildPhase section */
		2A95D6A11B1B379A0034FF2B /* Frameworks */ = {
			isa = PBXFrameworksBuildPhase;
			buildActionMask = 2147483647;
			files = (
			);
			runOnlyForDeploymentPostprocessing = 0;
		};
		2A95D6B91B1B379A0034FF2B /* Frameworks */ = {
			isa = PBXFrameworksBuildPhase;
			buildActionMask = 2147483647;
			files = (
			);
			runOnlyForDeploymentPostprocessing = 0;
		};
/* End PBXFrameworksBuildPhase section */

/* Begin PBXGroup section */
		2A95D69B1B1B379A0034FF2B = {
			isa = PBXGroup;
			children = (
				2A95D6A61B1B379A0034FF2B /* iOS_Animation_Test5 */,
				2A95D6BF1B1B379A0034FF2B /* iOS_Animation_Test5Tests */,
				2A95D6A51B1B379A0034FF2B /* Products */,
			);
			sourceTree = "<group>";
		};
		2A95D6A51B1B379A0034FF2B /* Products */ = {
			isa = PBXGroup;
			children = (
				2A95D6A41B1B379A0034FF2B /* iOS_Animation_Test5.app */,
				2A95D6BC1B1B379A0034FF2B /* iOS_Animation_Test5Tests.xctest */,
			);
			name = Products;
			sourceTree = "<group>";
		};
		2A95D6A61B1B379A0034FF2B /* iOS_Animation_Test5 */ = {
			isa = PBXGroup;
			children = (
				2A95D6A91B1B379A0034FF2B /* AppDelegate.swift */,
				2A95D6AE1B1B379A0034FF2B /* ViewController.swift */,
				2A95D6B01B1B379A0034FF2B /* Main.storyboard */,
				2A95D6B31B1B379A0034FF2B /* Images.xcassets */,
				2A95D6B51B1B379A0034FF2B /* LaunchScreen.xib */,
				2A95D6AB1B1B379A0034FF2B /* iOS_Animation_Test5.xcdatamodeld */,
				2A95D6A71B1B379A0034FF2B /* Supporting Files */,
				2A95D6CC1B1B393A0034FF2B /* AvatarView.swift */,
				2A0544AD1B1C543D00C7E3D8 /* AnimatedMaskLabel.swift */,
			);
			path = iOS_Animation_Test5;
			sourceTree = "<group>";
		};
		2A95D6A71B1B379A0034FF2B /* Supporting Files */ = {
			isa = PBXGroup;
			children = (
				2A95D6A81B1B379A0034FF2B /* Info.plist */,
			);
			name = "Supporting Files";
			sourceTree = "<group>";
		};
		2A95D6BF1B1B379A0034FF2B /* iOS_Animation_Test5Tests */ = {
			isa = PBXGroup;
			children = (
				2A95D6C21B1B379A0034FF2B /* iOS_Animation_Test5Tests.swift */,
				2A95D6C01B1B379A0034FF2B /* Supporting Files */,
			);
			path = iOS_Animation_Test5Tests;
			sourceTree = "<group>";
		};
		2A95D6C01B1B379A0034FF2B /* Supporting Files */ = {
			isa = PBXGroup;
			children = (
				2A95D6C11B1B379A0034FF2B /* Info.plist */,
			);
			name = "Supporting Files";
			sourceTree = "<group>";
		};
/* End PBXGroup section */

/* Begin PBXNativeTarget section */
		2A95D6A31B1B379A0034FF2B /* iOS_Animation_Test5 */ = {
			isa = PBXNativeTarget;
			buildConfigurationList = 2A95D6C61B1B379A0034FF2B /* Build configuration list for PBXNativeTarget "iOS_Animation_Test5" */;
			buildPhases = (
				2A95D6A01B1B379A0034FF2B /* Sources */,
				2A95D6A11B1B379A0034FF2B /* Frameworks */,
				2A95D6A21B1B379A0034FF2B /* Resources */,
			);
			buildRules = (
			);
			dependencies = (
			);
			name = iOS_Animation_Test5;
			productName = iOS_Animation_Test5;
			productReference = 2A95D6A41B1B379A0034FF2B /* iOS_Animation_Test5.app */;
			productType = "com.apple.product-type.application";
		};
		2A95D6BB1B1B379A0034FF2B /* iOS_Animation_Test5Tests */ = {
			isa = PBXNativeTarget;
			buildConfigurationList = 2A95D6C91B1B379A0034FF2B /* Build configuration list for PBXNativeTarget "iOS_Animation_Test5Tests" */;
			buildPhases = (
				2A95D6B81B1B379A0034FF2B /* Sources */,
				2A95D6B91B1B379A0034FF2B /* Frameworks */,
				2A95D6BA1B1B379A0034FF2B /* Resources */,
			);
			buildRules = (
			);
			dependencies = (
				2A95D6BE1B1B379A0034FF2B /* PBXTargetDependency */,
			);
			name = iOS_Animation_Test5Tests;
			productName = iOS_Animation_Test5Tests;
			productReference = 2A95D6BC1B1B379A0034FF2B /* iOS_Animation_Test5Tests.xctest */;
			productType = "com.apple.product-type.bundle.unit-test";
		};
/* End PBXNativeTarget section */

/* Begin PBXProject section */
		2A95D69C1B1B379A0034FF2B /* Project object */ = {
			isa = PBXProject;
			attributes = {
				LastUpgradeCheck = 0630;
				ORGANIZATIONNAME = xlx;
				TargetAttributes = {
					2A95D6A31B1B379A0034FF2B = {
						CreatedOnToolsVersion = 6.3.1;
					};
					2A95D6BB1B1B379A0034FF2B = {
						CreatedOnToolsVersion = 6.3.1;
						TestTargetID = 2A95D6A31B1B379A0034FF2B;
					};
				};
			};
			buildConfigurationList = 2A95D69F1B1B379A0034FF2B /* Build configuration list for PBXProject "iOS_Animation_Test5" */;
			compatibilityVersion = "Xcode 3.2";
			developmentRegion = English;
			hasScannedForEncodings = 0;
			knownRegions = (
				en,
				Base,
			);
			mainGroup = 2A95D69B1B1B379A0034FF2B;
			productRefGroup = 2A95D6A51B1B379A0034FF2B /* Products */;
			projectDirPath = "";
			projectRoot = "";
			targets = (
				2A95D6A31B1B379A0034FF2B /* iOS_Animation_Test5 */,
				2A95D6BB1B1B379A0034FF2B /* iOS_Animation_Test5Tests */,
			);
		};
/* End PBXProject section */

/* Begin PBXResourcesBuildPhase section */
		2A95D6A21B1B379A0034FF2B /* Resources */ = {
			isa = PBXResourcesBuildPhase;
			buildActionMask = 2147483647;
			files = (
				2A95D6B21B1B379A0034FF2B /* Main.storyboard in Resources */,
				2A95D6B71B1B379A0034FF2B /* LaunchScreen.xib in Resources */,
				2A95D6B41B1B379A0034FF2B /* Images.xcassets in Resources */,
			);
			runOnlyForDeploymentPostprocessing = 0;
		};
		2A95D6BA1B1B379A0034FF2B /* Resources */ = {
			isa = PBXResourcesBuildPhase;
			buildActionMask = 2147483647;
			files = (
			);
			runOnlyForDeploymentPostprocessing = 0;
		};
/* End PBXResourcesBuildPhase section */

/* Begin PBXSourcesBuildPhase section */
		2A95D6A01B1B379A0034FF2B /* Sources */ = {
			isa = PBXSourcesBuildPhase;
			buildActionMask = 2147483647;
			files = (
				2A95D6AF1B1B379A0034FF2B /* ViewController.swift in Sources */,
				2A0544AE1B1C543D00C7E3D8 /* AnimatedMaskLabel.swift in Sources */,
				2A95D6CD1B1B393A0034FF2B /* AvatarView.swift in Sources */,
				2A95D6AD1B1B379A0034FF2B /* iOS_Animation_Test5.xcdatamodeld in Sources */,
				2A95D6AA1B1B379A0034FF2B /* AppDelegate.swift in Sources */,
			);
			runOnlyForDeploymentPostprocessing = 0;
		};
		2A95D6B81B1B379A0034FF2B /* Sources */ = {
			isa = PBXSourcesBuildPhase;
			buildActionMask = 2147483647;
			files = (
				2A95D6C31B1B379A0034FF2B /* iOS_Animation_Test5Tests.swift in Sources */,
			);
			runOnlyForDeploymentPostprocessing = 0;
		};
/* End PBXSourcesBuildPhase section */

/* Begin PBXTargetDependency section */
		2A95D6BE1B1B379A0034FF2B /* PBXTargetDependency */ = {
			isa = PBXTargetDependency;
			target = 2A95D6A31B1B379A0034FF2B /* iOS_Animation_Test5 */;
			targetProxy = 2A95D6BD1B1B379A0034FF2B /* PBXContainerItemProxy */;
		};
/* End PBXTargetDependency section */

/* Begin PBXVariantGroup section */
		2A95D6B01B1B379A0034FF2B /* Main.storyboard */ = {
			isa = PBXVariantGroup;
			children = (
				2A95D6B11B1B379A0034FF2B /* Base */,
			);
			name = Main.storyboard;
			sourceTree = "<group>";
		};
		2A95D6B51B1B379A0034FF2B /* LaunchScreen.xib */ = {
			isa = PBXVariantGroup;
			children = (
				2A95D6B61B1B379A0034FF2B /* Base */,
			);
			name = LaunchScreen.xib;
			sourceTree = "<group>";
		};
/* End PBXVariantGroup section */

/* Begin XCBuildConfiguration section */
		2A95D6C41B1B379A0034FF2B /* Debug */ = {
			isa = XCBuildConfiguration;
			buildSettings = {
				ALWAYS_SEARCH_USER_PATHS = NO;
				CLANG_CXX_LANGUAGE_STANDARD = "gnu++0x";
				CLANG_CXX_LIBRARY = "libc++";
				CLANG_ENABLE_MODULES = YES;
				CLANG_ENABLE_OBJC_ARC = YES;
				CLANG_WARN_BOOL_CONVERSION = YES;
				CLANG_WARN_CONSTANT_CONVERSION = YES;
				CLANG_WARN_DIRECT_OBJC_ISA_USAGE = YES_ERROR;
				CLANG_WARN_EMPTY_BODY = YES;
				CLANG_WARN_ENUM_CONVERSION = YES;
				CLANG_WARN_INT_CONVERSION = YES;
				CLANG_WARN_OBJC_ROOT_CLASS = YES_ERROR;
				CLANG_WARN_UNREACHABLE_CODE = YES;
				CLANG_WARN__DUPLICATE_METHOD_MATCH = YES;
				"CODE_SIGN_IDENTITY[sdk=iphoneos*]" = "iPhone Developer";
				COPY_PHASE_STRIP = NO;
				DEBUG_INFORMATION_FORMAT = "dwarf-with-dsym";
				ENABLE_STRICT_OBJC_MSGSEND = YES;
				GCC_C_LANGUAGE_STANDARD = gnu99;
				GCC_DYNAMIC_NO_PIC = NO;
				GCC_NO_COMMON_BLOCKS = YES;
				GCC_OPTIMIZATION_LEVEL = 0;
				GCC_PREPROCESSOR_DEFINITIONS = (
					"DEBUG=1",
					"$(inherited)",
				);
				GCC_SYMBOLS_PRIVATE_EXTERN = NO;
				GCC_WARN_64_TO_32_BIT_CONVERSION = YES;
				GCC_WARN_ABOUT_RETURN_TYPE = YES_ERROR;
				GCC_WARN_UNDECLARED_SELECTOR = YES;
				GCC_WARN_UNINITIALIZED_AUTOS = YES_AGGRESSIVE;
				GCC_WARN_UNUSED_FUNCTION = YES;
				GCC_WARN_UNUSED_VARIABLE = YES;
				IPHONEOS_DEPLOYMENT_TARGET = 8.3;
				MTL_ENABLE_DEBUG_INFO = YES;
				ONLY_ACTIVE_ARCH = YES;
				SDKROOT = iphoneos;
				SWIFT_OPTIMIZATION_LEVEL = "-Onone";
				TARGETED_DEVICE_FAMILY = "1,2";
			};
			name = Debug;
		};
		2A95D6C51B1B379A0034FF2B /* Release */ = {
			isa = XCBuildConfiguration;
			buildSettings = {
				ALWAYS_SEARCH_USER_PATHS = NO;
				CLANG_CXX_LANGUAGE_STANDARD = "gnu++0x";
				CLANG_CXX_LIBRARY = "libc++";
				CLANG_ENABLE_MODULES = YES;
				CLANG_ENABLE_OBJC_ARC = YES;
				CLANG_WARN_BOOL_CONVERSION = YES;
				CLANG_WARN_CONSTANT_CONVERSION = YES;
				CLANG_WARN_DIRECT_OBJC_ISA_USAGE = YES_ERROR;
				CLANG_WARN_EMPTY_BODY = YES;
				CLANG_WARN_ENUM_CONVERSION = YES;
				CLANG_WARN_INT_CONVERSION = YES;
				CLANG_WARN_OBJC_ROOT_CLASS = YES_ERROR;
				CLANG_WARN_UNREACHABLE_CODE = YES;
				CLANG_WARN__DUPLICATE_METHOD_MATCH = YES;
				"CODE_SIGN_IDENTITY[sdk=iphoneos*]" = "iPhone Developer";
				COPY_PHASE_STRIP = NO;
				DEBUG_INFORMATION_FORMAT = "dwarf-with-dsym";
				ENABLE_NS_ASSERTIONS = NO;
				ENABLE_STRICT_OBJC_MSGSEND = YES;
				GCC_C_LANGUAGE_STANDARD = gnu99;
				GCC_NO_COMMON_BLOCKS = YES;
				GCC_WARN_64_TO_32_BIT_CONVERSION = YES;
				GCC_WARN_ABOUT_RETURN_TYPE = YES_ERROR;
				GCC_WARN_UNDECLARED_SELECTOR = YES;
				GCC_WARN_UNINITIALIZED_AUTOS = YES_AGGRESSIVE;
				GCC_WARN_UNUSED_FUNCTION = YES;
				GCC_WARN_UNUSED_VARIABLE = YES;
				IPHONEOS_DEPLOYMENT_TARGET = 8.3;
				MTL_ENABLE_DEBUG_INFO = NO;
				SDKROOT = iphoneos;
				TARGETED_DEVICE_FAMILY = "1,2";
				VALIDATE_PRODUCT = YES;
			};
			name = Release;
		};
		2A95D6C71B1B379A0034FF2B /* Debug */ = {
			isa = XCBuildConfiguration;
			buildSettings = {
				ASSETCATALOG_COMPILER_APPICON_NAME = AppIcon;
				INFOPLIST_FILE = iOS_Animation_Test5/Info.plist;
				LD_RUNPATH_SEARCH_PATHS = "$(inherited) @executable_path/Frameworks";
				PRODUCT_NAME = "$(TARGET_NAME)";
			};
			name = Debug;
		};
		2A95D6C81B1B379A0034FF2B /* Release */ = {
			isa = XCBuildConfiguration;
			buildSettings = {
				ASSETCATALOG_COMPILER_APPICON_NAME = AppIcon;
				INFOPLIST_FILE = iOS_Animation_Test5/Info.plist;
				LD_RUNPATH_SEARCH_PATHS = "$(inherited) @executable_path/Frameworks";
				PRODUCT_NAME = "$(TARGET_NAME)";
			};
			name = Release;
		};
		2A95D6CA1B1B379A0034FF2B /* Debug */ = {
			isa = XCBuildConfiguration;
			buildSettings = {
				BUNDLE_LOADER = "$(TEST_HOST)";
				FRAMEWORK_SEARCH_PATHS = (
					"$(SDKROOT)/Developer/Library/Frameworks",
					"$(inherited)",
				);
				GCC_PREPROCESSOR_DEFINITIONS = (
					"DEBUG=1",
					"$(inherited)",
				);
				INFOPLIST_FILE = iOS_Animation_Test5Tests/Info.plist;
				LD_RUNPATH_SEARCH_PATHS = "$(inherited) @executable_path/Frameworks @loader_path/Frameworks";
				PRODUCT_NAME = "$(TARGET_NAME)";
				TEST_HOST = "$(BUILT_PRODUCTS_DIR)/iOS_Animation_Test5.app/iOS_Animation_Test5";
			};
			name = Debug;
		};
		2A95D6CB1B1B379A0034FF2B /* Release */ = {
			isa = XCBuildConfiguration;
			buildSettings = {
				BUNDLE_LOADER = "$(TEST_HOST)";
				FRAMEWORK_SEARCH_PATHS = (
					"$(SDKROOT)/Developer/Library/Frameworks",
					"$(inherited)",
				);
				INFOPLIST_FILE = iOS_Animation_Test5Tests/Info.plist;
				LD_RUNPATH_SEARCH_PATHS = "$(inherited) @executable_path/Frameworks @loader_path/Frameworks";
				PRODUCT_NAME = "$(TARGET_NAME)";
				TEST_HOST = "$(BUILT_PRODUCTS_DIR)/iOS_Animation_Test5.app/iOS_Animation_Test5";
			};
			name = Release;
		};
/* End XCBuildConfiguration section */

/* Begin XCConfigurationList section */
		2A95D69F1B1B379A0034FF2B /* Build configuration list for PBXProject "iOS_Animation_Test5" */ = {
			isa = XCConfigurationList;
			buildConfigurations = (
				2A95D6C41B1B379A0034FF2B /* Debug */,
				2A95D6C51B1B379A0034FF2B /* Release */,
			);
			defaultConfigurationIsVisible = 0;
			defaultConfigurationName = Release;
		};
		2A95D6C61B1B379A0034FF2B /* Build configuration list for PBXNativeTarget "iOS_Animation_Test5" */ = {
			isa = XCConfigurationList;
			buildConfigurations = (
				2A95D6C71B1B379A0034FF2B /* Debug */,
				2A95D6C81B1B379A0034FF2B /* Release */,
			);
			defaultConfigurationIsVisible = 0;
			defaultConfigurationName = Release;
		};
		2A95D6C91B1B379A0034FF2B /* Build configuration list for PBXNativeTarget "iOS_Animation_Test5Tests" */ = {
			isa = XCConfigurationList;
			buildConfigurations = (
				2A95D6CA1B1B379A0034FF2B /* Debug */,
				2A95D6CB1B1B379A0034FF2B /* Release */,
			);
			defaultConfigurationIsVisible = 0;
			defaultConfigurationName = Release;
		};
/* End XCConfigurationList section */

/* Begin XCVersionGroup section */
		2A95D6AB1B1B379A0034FF2B /* iOS_Animation_Test5.xcdatamodeld */ = {
			isa = XCVersionGroup;
			children = (
				2A95D6AC1B1B379A0034FF2B /* iOS_Animation_Test5.xcdatamodel */,
			);
			currentVersion = 2A95D6AC1B1B379A0034FF2B /* iOS_Animation_Test5.xcdatamodel */;
			path = iOS_Animation_Test5.xcdatamodeld;
			sourceTree = "<group>";
			versionGroupType = wrapper.xcdatamodel;
		};
/* End XCVersionGroup section */
	};
	rootObject = 2A95D69C1B1B379A0034FF2B /* Project object */;
}
